// !$*UTF8*$!
{
	archiveVersion = 1;
	classes = {
	};
	objectVersion = 50;
	objects = {

/* Begin PBXBuildFile section */
		8126252721DB64FC000E9681 /* AppDelegate.m in Sources */ = {isa = PBXBuildFile; fileRef = 8126251B21DB64FC000E9681 /* AppDelegate.m */; };
		8126252821DB64FC000E9681 /* Assets.xcassets in Resources */ = {isa = PBXBuildFile; fileRef = 8126251F21DB64FC000E9681 /* Assets.xcassets */; };
		8126252921DB64FC000E9681 /* LaunchScreen.storyboard in Resources */ = {isa = PBXBuildFile; fileRef = 8126252021DB64FC000E9681 /* LaunchScreen.storyboard */; };
		8126252B21DB64FC000E9681 /* main.m in Sources */ = {isa = PBXBuildFile; fileRef = 8126252421DB64FC000E9681 /* main.m */; };
		8126252C21DB64FC000E9681 /* Info.plist in Resources */ = {isa = PBXBuildFile; fileRef = 8126252521DB64FC000E9681 /* Info.plist */; };
		8126252F21DB653F000E9681 /* XWBluetoothManager.m in Sources */ = {isa = PBXBuildFile; fileRef = 8126252D21DB653F000E9681 /* XWBluetoothManager.m */; };
		8126253321DB6F98000E9681 /* XWDeviceListCtrl.m in Sources */ = {isa = PBXBuildFile; fileRef = 8126253221DB6F98000E9681 /* XWDeviceListCtrl.m */; };
		8126253B21DB71E0000E9681 /* UINavigationController+Ext.m in Sources */ = {isa = PBXBuildFile; fileRef = 8126253521DB71E0000E9681 /* UINavigationController+Ext.m */; };
		8126253C21DB71E0000E9681 /* UIViewController+Ext.m in Sources */ = {isa = PBXBuildFile; fileRef = 8126253721DB71E0000E9681 /* UIViewController+Ext.m */; };
		8126253D21DB71E0000E9681 /* UIView+LayoutMethods.m in Sources */ = {isa = PBXBuildFile; fileRef = 8126253921DB71E0000E9681 /* UIView+LayoutMethods.m */; };
		8126254021DB7207000E9681 /* UIColor+Ext.m in Sources */ = {isa = PBXBuildFile; fileRef = 8126253F21DB7207000E9681 /* UIColor+Ext.m */; };
		8126254321DB874B000E9681 /* NSString+Ext.m in Sources */ = {isa = PBXBuildFile; fileRef = 8126254221DB874B000E9681 /* NSString+Ext.m */; };
/* End PBXBuildFile section */

/* Begin PBXFileReference section */
		8126250021DB619D000E9681 /* XWBluetooth.app */ = {isa = PBXFileReference; explicitFileType = wrapper.application; includeInIndex = 0; path = XWBluetooth.app; sourceTree = BUILT_PRODUCTS_DIR; };
		8126251A21DB64FC000E9681 /* AppDelegate.h */ = {isa = PBXFileReference; fileEncoding = 4; lastKnownFileType = sourcecode.c.h; path = AppDelegate.h; sourceTree = "<group>"; };
		8126251B21DB64FC000E9681 /* AppDelegate.m */ = {isa = PBXFileReference; fileEncoding = 4; lastKnownFileType = sourcecode.c.objc; path = AppDelegate.m; sourceTree = "<group>"; };
		8126251F21DB64FC000E9681 /* Assets.xcassets */ = {isa = PBXFileReference; lastKnownFileType = folder.assetcatalog; path = Assets.xcassets; sourceTree = "<group>"; };
		8126252121DB64FC000E9681 /* Base */ = {isa = PBXFileReference; lastKnownFileType = file.storyboard; name = Base; path = Base.lproj/LaunchScreen.storyboard; sourceTree = "<group>"; };
		8126252421DB64FC000E9681 /* main.m */ = {isa = PBXFileReference; fileEncoding = 4; lastKnownFileType = sourcecode.c.objc; path = main.m; sourceTree = "<group>"; };
		8126252521DB64FC000E9681 /* Info.plist */ = {isa = PBXFileReference; fileEncoding = 4; lastKnownFileType = text.plist.xml; path = Info.plist; sourceTree = "<group>"; };
		8126252D21DB653F000E9681 /* XWBluetoothManager.m */ = {isa = PBXFileReference; fileEncoding = 4; lastKnownFileType = sourcecode.c.objc; path = XWBluetoothManager.m; sourceTree = "<group>"; };
		8126252E21DB653F000E9681 /* XWBluetoothManager.h */ = {isa = PBXFileReference; fileEncoding = 4; lastKnownFileType = sourcecode.c.h; path = XWBluetoothManager.h; sourceTree = "<group>"; };
		8126253121DB6F98000E9681 /* XWDeviceListCtrl.h */ = {isa = PBXFileReference; lastKnownFileType = sourcecode.c.h; path = XWDeviceListCtrl.h; sourceTree = "<group>"; };
		8126253221DB6F98000E9681 /* XWDeviceListCtrl.m */ = {isa = PBXFileReference; lastKnownFileType = sourcecode.c.objc; path = XWDeviceListCtrl.m; sourceTree = "<group>"; };
		8126253521DB71E0000E9681 /* UINavigationController+Ext.m */ = {isa = PBXFileReference; fileEncoding = 4; lastKnownFileType = sourcecode.c.objc; path = "UINavigationController+Ext.m"; sourceTree = "<group>"; };
		8126253621DB71E0000E9681 /* UIView+LayoutMethods.h */ = {isa = PBXFileReference; fileEncoding = 4; lastKnownFileType = sourcecode.c.h; path = "UIView+LayoutMethods.h"; sourceTree = "<group>"; };
		8126253721DB71E0000E9681 /* UIViewController+Ext.m */ = {isa = PBXFileReference; fileEncoding = 4; lastKnownFileType = sourcecode.c.objc; path = "UIViewController+Ext.m"; sourceTree = "<group>"; };
		8126253821DB71E0000E9681 /* UIViewController+Ext.h */ = {isa = PBXFileReference; fileEncoding = 4; lastKnownFileType = sourcecode.c.h; path = "UIViewController+Ext.h"; sourceTree = "<group>"; };
		8126253921DB71E0000E9681 /* UIView+LayoutMethods.m */ = {isa = PBXFileReference; fileEncoding = 4; lastKnownFileType = sourcecode.c.objc; path = "UIView+LayoutMethods.m"; sourceTree = "<group>"; };
		8126253A21DB71E0000E9681 /* UINavigationController+Ext.h */ = {isa = PBXFileReference; fileEncoding = 4; lastKnownFileType = sourcecode.c.h; path = "UINavigationController+Ext.h"; sourceTree = "<group>"; };
		8126253E21DB7207000E9681 /* UIColor+Ext.h */ = {isa = PBXFileReference; fileEncoding = 4; lastKnownFileType = sourcecode.c.h; path = "UIColor+Ext.h"; sourceTree = "<group>"; };
		8126253F21DB7207000E9681 /* UIColor+Ext.m */ = {isa = PBXFileReference; fileEncoding = 4; lastKnownFileType = sourcecode.c.objc; path = "UIColor+Ext.m"; sourceTree = "<group>"; };
		8126254121DB874B000E9681 /* NSString+Ext.h */ = {isa = PBXFileReference; lastKnownFileType = sourcecode.c.h; path = "NSString+Ext.h"; sourceTree = "<group>"; };
		8126254221DB874B000E9681 /* NSString+Ext.m */ = {isa = PBXFileReference; lastKnownFileType = sourcecode.c.objc; path = "NSString+Ext.m"; sourceTree = "<group>"; };
/* End PBXFileReference section */

/* Begin PBXFrameworksBuildPhase section */
		812624FD21DB619D000E9681 /* Frameworks */ = {
			isa = PBXFrameworksBuildPhase;
			buildActionMask = 2147483647;
			files = (
			);
			runOnlyForDeploymentPostprocessing = 0;
		};
/* End PBXFrameworksBuildPhase section */

/* Begin PBXGroup section */
		812624F721DB619D000E9681 = {
			isa = PBXGroup;
			children = (
				8126251C21DB64FC000E9681 /* XWBluetoothManager */,
				8126251921DB64FC000E9681 /* AppDelegate */,
				8126252621DB64FC000E9681 /* Bisiness */,
				8126251D21DB64FC000E9681 /* Common */,
				8126251E21DB64FC000E9681 /* Resources */,
				8126250121DB619D000E9681 /* Products */,
			);
			sourceTree = "<group>";
		};
		8126250121DB619D000E9681 /* Products */ = {
			isa = PBXGroup;
			children = (
				8126250021DB619D000E9681 /* XWBluetooth.app */,
			);
			name = Products;
			sourceTree = "<group>";
		};
		8126251921DB64FC000E9681 /* AppDelegate */ = {
			isa = PBXGroup;
			children = (
				8126251A21DB64FC000E9681 /* AppDelegate.h */,
				8126251B21DB64FC000E9681 /* AppDelegate.m */,
			);
			name = AppDelegate;
			path = XWBluetooth/AppDelegate;
			sourceTree = "<group>";
		};
		8126251C21DB64FC000E9681 /* XWBluetoothManager */ = {
			isa = PBXGroup;
			children = (
				8126252E21DB653F000E9681 /* XWBluetoothManager.h */,
				8126252D21DB653F000E9681 /* XWBluetoothManager.m */,
			);
			name = XWBluetoothManager;
			path = XWBluetooth/XWBluetoothManager;
			sourceTree = "<group>";
		};
		8126251D21DB64FC000E9681 /* Common */ = {
			isa = PBXGroup;
			children = (
				8126253421DB7079000E9681 /* Categorys */,
			);
			name = Common;
			path = XWBluetooth/Common;
			sourceTree = "<group>";
		};
		8126251E21DB64FC000E9681 /* Resources */ = {
			isa = PBXGroup;
			children = (
				8126251F21DB64FC000E9681 /* Assets.xcassets */,
				8126252021DB64FC000E9681 /* LaunchScreen.storyboard */,
				8126252421DB64FC000E9681 /* main.m */,
				8126252521DB64FC000E9681 /* Info.plist */,
			);
			name = Resources;
			path = XWBluetooth/Resources;
			sourceTree = "<group>";
		};
		8126252621DB64FC000E9681 /* Bisiness */ = {
			isa = PBXGroup;
			children = (
				8126253021DB658B000E9681 /* DeviceList */,
			);
			name = Bisiness;
			path = XWBluetooth/Bisiness;
			sourceTree = "<group>";
		};
		8126253021DB658B000E9681 /* DeviceList */ = {
			isa = PBXGroup;
			children = (
				8126253121DB6F98000E9681 /* XWDeviceListCtrl.h */,
				8126253221DB6F98000E9681 /* XWDeviceListCtrl.m */,
			);
			path = DeviceList;
			sourceTree = "<group>";
		};
		8126253421DB7079000E9681 /* Categorys */ = {
			isa = PBXGroup;
			children = (
				8126253E21DB7207000E9681 /* UIColor+Ext.h */,
				8126253F21DB7207000E9681 /* UIColor+Ext.m */,
				8126253A21DB71E0000E9681 /* UINavigationController+Ext.h */,
				8126253521DB71E0000E9681 /* UINavigationController+Ext.m */,
				8126253621DB71E0000E9681 /* UIView+LayoutMethods.h */,
				8126253921DB71E0000E9681 /* UIView+LayoutMethods.m */,
				8126253821DB71E0000E9681 /* UIViewController+Ext.h */,
				8126253721DB71E0000E9681 /* UIViewController+Ext.m */,
				8126254121DB874B000E9681 /* NSString+Ext.h */,
				8126254221DB874B000E9681 /* NSString+Ext.m */,
			);
			path = Categorys;
			sourceTree = "<group>";
		};
/* End PBXGroup section */

/* Begin PBXNativeTarget section */
		812624FF21DB619D000E9681 /* XWBluetooth */ = {
			isa = PBXNativeTarget;
			buildConfigurationList = 8126251621DB619F000E9681 /* Build configuration list for PBXNativeTarget "XWBluetooth" */;
			buildPhases = (
				812624FC21DB619D000E9681 /* Sources */,
				812624FD21DB619D000E9681 /* Frameworks */,
				812624FE21DB619D000E9681 /* Resources */,
			);
			buildRules = (
			);
			dependencies = (
			);
			name = XWBluetooth;
			productName = XWBluetooth;
			productReference = 8126250021DB619D000E9681 /* XWBluetooth.app */;
			productType = "com.apple.product-type.application";
		};
/* End PBXNativeTarget section */

/* Begin PBXProject section */
		812624F821DB619D000E9681 /* Project object */ = {
			isa = PBXProject;
			attributes = {
				LastUpgradeCheck = 1010;
				ORGANIZATIONNAME = bill;
				TargetAttributes = {
					812624FF21DB619D000E9681 = {
						CreatedOnToolsVersion = 10.1;
					};
				};
			};
			buildConfigurationList = 812624FB21DB619D000E9681 /* Build configuration list for PBXProject "XWBluetooth" */;
			compatibilityVersion = "Xcode 9.3";
			developmentRegion = en;
			hasScannedForEncodings = 0;
			knownRegions = (
				en,
				Base,
			);
			mainGroup = 812624F721DB619D000E9681;
			productRefGroup = 8126250121DB619D000E9681 /* Products */;
			projectDirPath = "";
			projectRoot = "";
			targets = (
				812624FF21DB619D000E9681 /* XWBluetooth */,
			);
		};
/* End PBXProject section */

/* Begin PBXResourcesBuildPhase section */
		812624FE21DB619D000E9681 /* Resources */ = {
			isa = PBXResourcesBuildPhase;
			buildActionMask = 2147483647;
			files = (
				8126252C21DB64FC000E9681 /* Info.plist in Resources */,
				8126252821DB64FC000E9681 /* Assets.xcassets in Resources */,
				8126252921DB64FC000E9681 /* LaunchScreen.storyboard in Resources */,
			);
			runOnlyForDeploymentPostprocessing = 0;
		};
/* End PBXResourcesBuildPhase section */

/* Begin PBXSourcesBuildPhase section */
		812624FC21DB619D000E9681 /* Sources */ = {
			isa = PBXSourcesBuildPhase;
			buildActionMask = 2147483647;
			files = (
				8126252F21DB653F000E9681 /* XWBluetoothManager.m in Sources */,
				8126254021DB7207000E9681 /* UIColor+Ext.m in Sources */,
				8126253321DB6F98000E9681 /* XWDeviceListCtrl.m in Sources */,
				8126253C21DB71E0000E9681 /* UIViewController+Ext.m in Sources */,
				8126253B21DB71E0000E9681 /* UINavigationController+Ext.m in Sources */,
				8126252B21DB64FC000E9681 /* main.m in Sources */,
				8126254321DB874B000E9681 /* NSString+Ext.m in Sources */,
				8126252721DB64FC000E9681 /* AppDelegate.m in Sources */,
				8126253D21DB71E0000E9681 /* UIView+LayoutMethods.m in Sources */,
			);
			runOnlyForDeploymentPostprocessing = 0;
		};
/* End PBXSourcesBuildPhase section */

/* Begin PBXVariantGroup section */
		8126252021DB64FC000E9681 /* LaunchScreen.storyboard */ = {
			isa = PBXVariantGroup;
			children = (
				8126252121DB64FC000E9681 /* Base */,
			);
			name = LaunchScreen.storyboard;
			sourceTree = "<group>";
		};
/* End PBXVariantGroup section */

/* Begin XCBuildConfiguration section */
		8126251421DB619F000E9681 /* Debug */ = {
			isa = XCBuildConfiguration;
			buildSettings = {
				ALWAYS_SEARCH_USER_PATHS = NO;
				CLANG_ANALYZER_NONNULL = YES;
				CLANG_ANALYZER_NUMBER_OBJECT_CONVERSION = YES_AGGRESSIVE;
				CLANG_CXX_LANGUAGE_STANDARD = "gnu++14";
				CLANG_CXX_LIBRARY = "libc++";
				CLANG_ENABLE_MODULES = YES;
				CLANG_ENABLE_OBJC_ARC = YES;
				CLANG_ENABLE_OBJC_WEAK = YES;
				CLANG_WARN_BLOCK_CAPTURE_AUTORELEASING = YES;
				CLANG_WARN_BOOL_CONVERSION = YES;
				CLANG_WARN_COMMA = YES;
				CLANG_WARN_CONSTANT_CONVERSION = YES;
				CLANG_WARN_DEPRECATED_OBJC_IMPLEMENTATIONS = YES;
				CLANG_WARN_DIRECT_OBJC_ISA_USAGE = YES_ERROR;
				CLANG_WARN_DOCUMENTATION_COMMENTS = YES;
				CLANG_WARN_EMPTY_BODY = YES;
				CLANG_WARN_ENUM_CONVERSION = YES;
				CLANG_WARN_INFINITE_RECURSION = YES;
				CLANG_WARN_INT_CONVERSION = YES;
				CLANG_WARN_NON_LITERAL_NULL_CONVERSION = YES;
				CLANG_WARN_OBJC_IMPLICIT_RETAIN_SELF = YES;
				CLANG_WARN_OBJC_LITERAL_CONVERSION = YES;
				CLANG_WARN_OBJC_ROOT_CLASS = YES_ERROR;
				CLANG_WARN_RANGE_LOOP_ANALYSIS = YES;
				CLANG_WARN_STRICT_PROTOTYPES = YES;
				CLANG_WARN_SUSPICIOUS_MOVE = YES;
				CLANG_WARN_UNGUARDED_AVAILABILITY = YES_AGGRESSIVE;
				CLANG_WARN_UNREACHABLE_CODE = YES;
				CLANG_WARN__DUPLICATE_METHOD_MATCH = YES;
				CODE_SIGN_IDENTITY = "iPhone Developer";
				COPY_PHASE_STRIP = NO;
				DEBUG_INFORMATION_FORMAT = dwarf;
				ENABLE_STRICT_OBJC_MSGSEND = YES;
				ENABLE_TESTABILITY = YES;
				GCC_C_LANGUAGE_STANDARD = gnu11;
				GCC_DYNAMIC_NO_PIC = NO;
				GCC_NO_COMMON_BLOCKS = YES;
				GCC_OPTIMIZATION_LEVEL = 0;
				GCC_PREPROCESSOR_DEFINITIONS = (
					"DEBUG=1",
					"$(inherited)",
				);
				GCC_WARN_64_TO_32_BIT_CONVERSION = YES;
				GCC_WARN_ABOUT_RETURN_TYPE = YES_ERROR;
				GCC_WARN_UNDECLARED_SELECTOR = YES;
				GCC_WARN_UNINITIALIZED_AUTOS = YES_AGGRESSIVE;
				GCC_WARN_UNUSED_FUNCTION = YES;
				GCC_WARN_UNUSED_VARIABLE = YES;
				IPHONEOS_DEPLOYMENT_TARGET = 12.1;
				MTL_ENABLE_DEBUG_INFO = INCLUDE_SOURCE;
				MTL_FAST_MATH = YES;
				ONLY_ACTIVE_ARCH = YES;
				SDKROOT = iphoneos;
			};
			name = Debug;
		};
		8126251521DB619F000E9681 /* Release */ = {
			isa = XCBuildConfiguration;
			buildSettings = {
				ALWAYS_SEARCH_USER_PATHS = NO;
				CLANG_ANALYZER_NONNULL = YES;
				CLANG_ANALYZER_NUMBER_OBJECT_CONVERSION = YES_AGGRESSIVE;
				CLANG_CXX_LANGUAGE_STANDARD = "gnu++14";
				CLANG_CXX_LIBRARY = "libc++";
				CLANG_ENABLE_MODULES = YES;
				CLANG_ENABLE_OBJC_ARC = YES;
				CLANG_ENABLE_OBJC_WEAK = YES;
				CLANG_WARN_BLOCK_CAPTURE_AUTORELEASING = YES;
				CLANG_WARN_BOOL_CONVERSION = YES;
				CLANG_WARN_COMMA = YES;
				CLANG_WARN_CONSTANT_CONVERSION = YES;
				CLANG_WARN_DEPRECATED_OBJC_IMPLEMENTATIONS = YES;
				CLANG_WARN_DIRECT_OBJC_ISA_USAGE = YES_ERROR;
				CLANG_WARN_DOCUMENTATION_COMMENTS = YES;
				CLANG_WARN_EMPTY_BODY = YES;
				CLANG_WARN_ENUM_CONVERSION = YES;
				CLANG_WARN_INFINITE_RECURSION = YES;
				CLANG_WARN_INT_CONVERSION = YES;
				CLANG_WARN_NON_LITERAL_NULL_CONVERSION = YES;
				CLANG_WARN_OBJC_IMPLICIT_RETAIN_SELF = YES;
				CLANG_WARN_OBJC_LITERAL_CONVERSION = YES;
				CLANG_WARN_OBJC_ROOT_CLASS = YES_ERROR;
				CLANG_WARN_RANGE_LOOP_ANALYSIS = YES;
				CLANG_WARN_STRICT_PROTOTYPES = YES;
				CLANG_WARN_SUSPICIOUS_MOVE = YES;
				CLANG_WARN_UNGUARDED_AVAILABILITY = YES_AGGRESSIVE;
				CLANG_WARN_UNREACHABLE_CODE = YES;
				CLANG_WARN__DUPLICATE_METHOD_MATCH = YES;
				CODE_SIGN_IDENTITY = "iPhone Developer";
				COPY_PHASE_STRIP = NO;
				DEBUG_INFORMATION_FORMAT = "dwarf-with-dsym";
				ENABLE_NS_ASSERTIONS = NO;
				ENABLE_STRICT_OBJC_MSGSEND = YES;
				GCC_C_LANGUAGE_STANDARD = gnu11;
				GCC_NO_COMMON_BLOCKS = YES;
				GCC_WARN_64_TO_32_BIT_CONVERSION = YES;
				GCC_WARN_ABOUT_RETURN_TYPE = YES_ERROR;
				GCC_WARN_UNDECLARED_SELECTOR = YES;
				GCC_WARN_UNINITIALIZED_AUTOS = YES_AGGRESSIVE;
				GCC_WARN_UNUSED_FUNCTION = YES;
				GCC_WARN_UNUSED_VARIABLE = YES;
				IPHONEOS_DEPLOYMENT_TARGET = 12.1;
				MTL_ENABLE_DEBUG_INFO = NO;
				MTL_FAST_MATH = YES;
				SDKROOT = iphoneos;
				VALIDATE_PRODUCT = YES;
			};
			name = Release;
		};
		8126251721DB619F000E9681 /* Debug */ = {
			isa = XCBuildConfiguration;
			buildSettings = {
				ASSETCATALOG_COMPILER_APPICON_NAME = AppIcon;
				CODE_SIGN_STYLE = Automatic;
				DEVELOPMENT_TEAM = E43JSF7XC8;
				INFOPLIST_FILE = "$(SRCROOT)/XWBluetooth/Resources/Info.plist";
				IPHONEOS_DEPLOYMENT_TARGET = 10.0;
				LD_RUNPATH_SEARCH_PATHS = (
					"$(inherited)",
					"@executable_path/Frameworks",
				);
				PRODUCT_BUNDLE_IDENTIFIER = com.bill.XWBluetooth;
				PRODUCT_NAME = "$(TARGET_NAME)";
				TARGETED_DEVICE_FAMILY = "1,2";
			};
			name = Debug;
		};
		8126251821DB619F000E9681 /* Release */ = {
			isa = XCBuildConfiguration;
			buildSettings = {
				ASSETCATALOG_COMPILER_APPICON_NAME = AppIcon;
				CODE_SIGN_STYLE = Automatic;
				DEVELOPMENT_TEAM = E43JSF7XC8;
				INFOPLIST_FILE = "$(SRCROOT)/XWBluetooth/Resources/Info.plist";
				IPHONEOS_DEPLOYMENT_TARGET = 10.0;
				LD_RUNPATH_SEARCH_PATHS = (
					"$(inherited)",
					"@executable_path/Frameworks",
				);
				PRODUCT_BUNDLE_IDENTIFIER = com.bill.XWBluetooth;
				PRODUCT_NAME = "$(TARGET_NAME)";
				TARGETED_DEVICE_FAMILY = "1,2";
			};
			name = Release;
		};
/* End XCBuildConfiguration section */

/* Begin XCConfigurationList section */
		812624FB21DB619D000E9681 /* Build configuration list for PBXProject "XWBluetooth" */ = {
			isa = XCConfigurationList;
			buildConfigurations = (
				8126251421DB619F000E9681 /* Debug */,
				8126251521DB619F000E9681 /* Release */,
			);
			defaultConfigurationIsVisible = 0;
			defaultConfigurationName = Release;
		};
		8126251621DB619F000E9681 /* Build configuration list for PBXNativeTarget "XWBluetooth" */ = {
			isa = XCConfigurationList;
			buildConfigurations = (
				8126251721DB619F000E9681 /* Debug */,
				8126251821DB619F000E9681 /* Release */,
			);
			defaultConfigurationIsVisible = 0;
			defaultConfigurationName = Release;
		};
/* End XCConfigurationList section */
	};
	rootObject = 812624F821DB619D000E9681 /* Project object */;
}
